// !$*UTF8*$!
{
	archiveVersion = 1;
	classes = {
	};
	objectVersion = 50;
	objects = {

/* Begin PBXBuildFile section */
		8B36841A2B9592B700CF84B4 /* DataSource-Friends.swift in Sources */ = {isa = PBXBuildFile; fileRef = 8B3684192B9592B700CF84B4 /* DataSource-Friends.swift */; };
		8B3684202B95D84800CF84B4 /* LogIn.swift in Sources */ = {isa = PBXBuildFile; fileRef = 8B36841F2B95D84800CF84B4 /* LogIn.swift */; };
		8B3684252B95D87C00CF84B4 /* SignUpVC.swift in Sources */ = {isa = PBXBuildFile; fileRef = 8B3684242B95D87C00CF84B4 /* SignUpVC.swift */; };
		8B3684282B95D89000CF84B4 /* SignUp2VC.swift in Sources */ = {isa = PBXBuildFile; fileRef = 8B3684272B95D89000CF84B4 /* SignUp2VC.swift */; };
		8B7412BA2B8F0BB2007DC4D3 /* AppDelegate.swift in Sources */ = {isa = PBXBuildFile; fileRef = 8B7412B92B8F0BB2007DC4D3 /* AppDelegate.swift */; };
		8B7412BC2B8F0BB2007DC4D3 /* SceneDelegate.swift in Sources */ = {isa = PBXBuildFile; fileRef = 8B7412BB2B8F0BB2007DC4D3 /* SceneDelegate.swift */; };
		8B7412C12B8F0BB2007DC4D3 /* Main.storyboard in Resources */ = {isa = PBXBuildFile; fileRef = 8B7412BF2B8F0BB2007DC4D3 /* Main.storyboard */; };
		8B7412C32B8F0BB4007DC4D3 /* Assets.xcassets in Resources */ = {isa = PBXBuildFile; fileRef = 8B7412C22B8F0BB4007DC4D3 /* Assets.xcassets */; };
		8B7412C62B8F0BB4007DC4D3 /* LaunchScreen.storyboard in Resources */ = {isa = PBXBuildFile; fileRef = 8B7412C42B8F0BB4007DC4D3 /* LaunchScreen.storyboard */; };
		8B7412DE2B8F1E14007DC4D3 /* FeedsVC.swift in Sources */ = {isa = PBXBuildFile; fileRef = 8B7412DD2B8F1E14007DC4D3 /* FeedsVC.swift */; };
		8B7412E82B8F29CA007DC4D3 /* Discover.xib in Resources */ = {isa = PBXBuildFile; fileRef = 8B7412E72B8F29CA007DC4D3 /* Discover.xib */; };
		8B7412EB2B8F29F1007DC4D3 /* Friends.xib in Resources */ = {isa = PBXBuildFile; fileRef = 8B7412EA2B8F29F1007DC4D3 /* Friends.xib */; };
		8B7412EE2B8F2A81007DC4D3 /* Discover-Feed.swift in Sources */ = {isa = PBXBuildFile; fileRef = 8B7412ED2B8F2A81007DC4D3 /* Discover-Feed.swift */; };
		8B7412F12B8F2A9A007DC4D3 /* Friends-Feed.swift in Sources */ = {isa = PBXBuildFile; fileRef = 8B7412F02B8F2A9A007DC4D3 /* Friends-Feed.swift */; };
		8BC3FBEE2B8F4FB8009D524A /* DataSource-Discover.swift in Sources */ = {isa = PBXBuildFile; fileRef = 8BC3FBED2B8F4FB8009D524A /* DataSource-Discover.swift */; };
		8BEBCE962B99DA8100CAC4CF /* FriendsFeed.swift in Sources */ = {isa = PBXBuildFile; fileRef = 8BEBCE952B99DA8100CAC4CF /* FriendsFeed.swift */; };
		8BEBCE992B99DAB500CAC4CF /* Network-Management.swift in Sources */ = {isa = PBXBuildFile; fileRef = 8BEBCE982B99DAB500CAC4CF /* Network-Management.swift */; };
		8BEBCE9C2B99DAD500CAC4CF /* BaseUrl.swift in Sources */ = {isa = PBXBuildFile; fileRef = 8BEBCE9B2B99DAD500CAC4CF /* BaseUrl.swift */; };
		8BEBCEA42B99EFC200CAC4CF /* DateConverter.swift in Sources */ = {isa = PBXBuildFile; fileRef = 8BEBCEA32B99EFC200CAC4CF /* DateConverter.swift */; };
		8BEBCEA72B99EFD900CAC4CF /* Date+Ext.swift in Sources */ = {isa = PBXBuildFile; fileRef = 8BEBCEA62B99EFD900CAC4CF /* Date+Ext.swift */; };
		8BED23C02B8F620800FBDF10 /* DiscoverCell.swift in Sources */ = {isa = PBXBuildFile; fileRef = 8BED23BE2B8F620800FBDF10 /* DiscoverCell.swift */; };
		8BED23C12B8F620800FBDF10 /* DiscoverCell.xib in Resources */ = {isa = PBXBuildFile; fileRef = 8BED23BF2B8F620800FBDF10 /* DiscoverCell.xib */; };
		8BED23C62B8F6E6D00FBDF10 /* FriendsCell.swift in Sources */ = {isa = PBXBuildFile; fileRef = 8BED23C42B8F6E6D00FBDF10 /* FriendsCell.swift */; };
		8BED23C72B8F6E6D00FBDF10 /* FriendsCell.xib in Resources */ = {isa = PBXBuildFile; fileRef = 8BED23C52B8F6E6D00FBDF10 /* FriendsCell.xib */; };
		BF3A2E462B987B5D00FA8113 /* Following.xib in Resources */ = {isa = PBXBuildFile; fileRef = BF3A2E452B987B5D00FA8113 /* Following.xib */; };
		BF3A2E482B987B8100FA8113 /* Following-Feed.swift in Sources */ = {isa = PBXBuildFile; fileRef = BF3A2E472B987B8100FA8113 /* Following-Feed.swift */; };
		BF3A2E4B2B987CF200FA8113 /* FollowingCollectionCell.swift in Sources */ = {isa = PBXBuildFile; fileRef = BF3A2E492B987CF200FA8113 /* FollowingCollectionCell.swift */; };
		BF3A2E4C2B987CF200FA8113 /* FollowingCollectionCell.xib in Resources */ = {isa = PBXBuildFile; fileRef = BF3A2E4A2B987CF200FA8113 /* FollowingCollectionCell.xib */; };
		BF676BDC2B9EDF1B0064CEA8 /* DiscoverFeed.swift in Sources */ = {isa = PBXBuildFile; fileRef = BF676BDB2B9EDF1B0064CEA8 /* DiscoverFeed.swift */; };
		BFA362352B98639A0058355F /* Popular.xib in Resources */ = {isa = PBXBuildFile; fileRef = BFA362342B98639A0058355F /* Popular.xib */; };
		BFA362372B9863C10058355F /* Popular-Feed.swift in Sources */ = {isa = PBXBuildFile; fileRef = BFA362362B9863C10058355F /* Popular-Feed.swift */; };
		BFA3623A2B9870200058355F /* PopularCell.swift in Sources */ = {isa = PBXBuildFile; fileRef = BFA362382B9870200058355F /* PopularCell.swift */; };
		BFA3623B2B9870200058355F /* PopularCell.xib in Resources */ = {isa = PBXBuildFile; fileRef = BFA362392B9870200058355F /* PopularCell.xib */; };
/* End PBXBuildFile section */

/* Begin PBXFileReference section */
		8B3684192B9592B700CF84B4 /* DataSource-Friends.swift */ = {isa = PBXFileReference; lastKnownFileType = sourcecode.swift; path = "DataSource-Friends.swift"; sourceTree = "<group>"; };
		8B36841F2B95D84800CF84B4 /* LogIn.swift */ = {isa = PBXFileReference; lastKnownFileType = sourcecode.swift; path = LogIn.swift; sourceTree = "<group>"; };
		8B3684242B95D87C00CF84B4 /* SignUpVC.swift */ = {isa = PBXFileReference; lastKnownFileType = sourcecode.swift; path = SignUpVC.swift; sourceTree = "<group>"; };
		8B3684272B95D89000CF84B4 /* SignUp2VC.swift */ = {isa = PBXFileReference; lastKnownFileType = sourcecode.swift; path = SignUp2VC.swift; sourceTree = "<group>"; };
		8B7412B62B8F0BB2007DC4D3 /* Mood(Demo).app */ = {isa = PBXFileReference; explicitFileType = wrapper.application; includeInIndex = 0; path = "Mood(Demo).app"; sourceTree = BUILT_PRODUCTS_DIR; };
		8B7412B92B8F0BB2007DC4D3 /* AppDelegate.swift */ = {isa = PBXFileReference; lastKnownFileType = sourcecode.swift; path = AppDelegate.swift; sourceTree = "<group>"; };
		8B7412BB2B8F0BB2007DC4D3 /* SceneDelegate.swift */ = {isa = PBXFileReference; lastKnownFileType = sourcecode.swift; path = SceneDelegate.swift; sourceTree = "<group>"; };
		8B7412C02B8F0BB2007DC4D3 /* Base */ = {isa = PBXFileReference; lastKnownFileType = file.storyboard; name = Base; path = Base.lproj/Main.storyboard; sourceTree = "<group>"; };
		8B7412C22B8F0BB4007DC4D3 /* Assets.xcassets */ = {isa = PBXFileReference; lastKnownFileType = folder.assetcatalog; path = Assets.xcassets; sourceTree = "<group>"; };
		8B7412C52B8F0BB4007DC4D3 /* Base */ = {isa = PBXFileReference; lastKnownFileType = file.storyboard; name = Base; path = Base.lproj/LaunchScreen.storyboard; sourceTree = "<group>"; };
		8B7412C72B8F0BB4007DC4D3 /* Info.plist */ = {isa = PBXFileReference; lastKnownFileType = text.plist.xml; path = Info.plist; sourceTree = "<group>"; };
		8B7412DD2B8F1E14007DC4D3 /* FeedsVC.swift */ = {isa = PBXFileReference; lastKnownFileType = sourcecode.swift; path = FeedsVC.swift; sourceTree = "<group>"; };
		8B7412E72B8F29CA007DC4D3 /* Discover.xib */ = {isa = PBXFileReference; lastKnownFileType = file.xib; path = Discover.xib; sourceTree = "<group>"; };
		8B7412EA2B8F29F1007DC4D3 /* Friends.xib */ = {isa = PBXFileReference; lastKnownFileType = file.xib; path = Friends.xib; sourceTree = "<group>"; };
		8B7412ED2B8F2A81007DC4D3 /* Discover-Feed.swift */ = {isa = PBXFileReference; lastKnownFileType = sourcecode.swift; path = "Discover-Feed.swift"; sourceTree = "<group>"; };
		8B7412F02B8F2A9A007DC4D3 /* Friends-Feed.swift */ = {isa = PBXFileReference; lastKnownFileType = sourcecode.swift; path = "Friends-Feed.swift"; sourceTree = "<group>"; };
		8BC3FBED2B8F4FB8009D524A /* DataSource-Discover.swift */ = {isa = PBXFileReference; lastKnownFileType = sourcecode.swift; path = "DataSource-Discover.swift"; sourceTree = "<group>"; };
		8BEBCE952B99DA8100CAC4CF /* FriendsFeed.swift */ = {isa = PBXFileReference; lastKnownFileType = sourcecode.swift; path = FriendsFeed.swift; sourceTree = "<group>"; };
		8BEBCE982B99DAB500CAC4CF /* Network-Management.swift */ = {isa = PBXFileReference; fileEncoding = 4; lastKnownFileType = sourcecode.swift; path = "Network-Management.swift"; sourceTree = "<group>"; };
		8BEBCE9B2B99DAD500CAC4CF /* BaseUrl.swift */ = {isa = PBXFileReference; fileEncoding = 4; lastKnownFileType = sourcecode.swift; path = BaseUrl.swift; sourceTree = "<group>"; };
		8BEBCEA32B99EFC200CAC4CF /* DateConverter.swift */ = {isa = PBXFileReference; lastKnownFileType = sourcecode.swift; path = DateConverter.swift; sourceTree = "<group>"; };
		8BEBCEA62B99EFD900CAC4CF /* Date+Ext.swift */ = {isa = PBXFileReference; lastKnownFileType = sourcecode.swift; path = "Date+Ext.swift"; sourceTree = "<group>"; };
		8BED23BE2B8F620800FBDF10 /* DiscoverCell.swift */ = {isa = PBXFileReference; lastKnownFileType = sourcecode.swift; path = DiscoverCell.swift; sourceTree = "<group>"; };
		8BED23BF2B8F620800FBDF10 /* DiscoverCell.xib */ = {isa = PBXFileReference; lastKnownFileType = file.xib; path = DiscoverCell.xib; sourceTree = "<group>"; };
		8BED23C42B8F6E6D00FBDF10 /* FriendsCell.swift */ = {isa = PBXFileReference; lastKnownFileType = sourcecode.swift; path = FriendsCell.swift; sourceTree = "<group>"; };
		8BED23C52B8F6E6D00FBDF10 /* FriendsCell.xib */ = {isa = PBXFileReference; lastKnownFileType = file.xib; path = FriendsCell.xib; sourceTree = "<group>"; };
		BF3A2E452B987B5D00FA8113 /* Following.xib */ = {isa = PBXFileReference; lastKnownFileType = file.xib; path = Following.xib; sourceTree = "<group>"; };
		BF3A2E472B987B8100FA8113 /* Following-Feed.swift */ = {isa = PBXFileReference; lastKnownFileType = sourcecode.swift; path = "Following-Feed.swift"; sourceTree = "<group>"; };
		BF3A2E492B987CF200FA8113 /* FollowingCollectionCell.swift */ = {isa = PBXFileReference; lastKnownFileType = sourcecode.swift; path = FollowingCollectionCell.swift; sourceTree = "<group>"; };
		BF3A2E4A2B987CF200FA8113 /* FollowingCollectionCell.xib */ = {isa = PBXFileReference; lastKnownFileType = file.xib; path = FollowingCollectionCell.xib; sourceTree = "<group>"; };
		BF676BDB2B9EDF1B0064CEA8 /* DiscoverFeed.swift */ = {isa = PBXFileReference; lastKnownFileType = sourcecode.swift; path = DiscoverFeed.swift; sourceTree = "<group>"; };
		BFA362342B98639A0058355F /* Popular.xib */ = {isa = PBXFileReference; lastKnownFileType = file.xib; path = Popular.xib; sourceTree = "<group>"; };
		BFA362362B9863C10058355F /* Popular-Feed.swift */ = {isa = PBXFileReference; lastKnownFileType = sourcecode.swift; path = "Popular-Feed.swift"; sourceTree = "<group>"; };
		BFA362382B9870200058355F /* PopularCell.swift */ = {isa = PBXFileReference; lastKnownFileType = sourcecode.swift; path = PopularCell.swift; sourceTree = "<group>"; };
		BFA362392B9870200058355F /* PopularCell.xib */ = {isa = PBXFileReference; lastKnownFileType = file.xib; path = PopularCell.xib; sourceTree = "<group>"; };
/* End PBXFileReference section */

/* Begin PBXFrameworksBuildPhase section */
		8B7412B32B8F0BB2007DC4D3 /* Frameworks */ = {
			isa = PBXFrameworksBuildPhase;
			buildActionMask = 2147483647;
			files = (
			);
			runOnlyForDeploymentPostprocessing = 0;
		};
/* End PBXFrameworksBuildPhase section */

/* Begin PBXGroup section */
		8B36841E2B95D82500CF84B4 /* Log-In */ = {
			isa = PBXGroup;
			children = (
				8B36841F2B95D84800CF84B4 /* LogIn.swift */,
			);
			path = "Log-In";
			sourceTree = "<group>";
		};
		8B3684232B95D84E00CF84B4 /* SignUp */ = {
			isa = PBXGroup;
			children = (
				8B3684242B95D87C00CF84B4 /* SignUpVC.swift */,
				8B3684272B95D89000CF84B4 /* SignUp2VC.swift */,
			);
			path = SignUp;
			sourceTree = "<group>";
		};
		8B37048D2B99B5CD00011A58 /* Network */ = {
			isa = PBXGroup;
			children = (
				8BEBCE982B99DAB500CAC4CF /* Network-Management.swift */,
				8B3704922B99B86B00011A58 /* Modals */,
			);
			path = Network;
			sourceTree = "<group>";
		};
		8B3704922B99B86B00011A58 /* Modals */ = {
			isa = PBXGroup;
			children = (
				8BEBCE952B99DA8100CAC4CF /* FriendsFeed.swift */,
				BF676BDB2B9EDF1B0064CEA8 /* DiscoverFeed.swift */,
				8BEBCE9B2B99DAD500CAC4CF /* BaseUrl.swift */,
			);
			path = Modals;
			sourceTree = "<group>";
		};
		8B7412AD2B8F0BB2007DC4D3 = {
			isa = PBXGroup;
			children = (
				8B7412B82B8F0BB2007DC4D3 /* Mood(Demo) */,
				8B7412B72B8F0BB2007DC4D3 /* Products */,
			);
			sourceTree = "<group>";
		};
		8B7412B72B8F0BB2007DC4D3 /* Products */ = {
			isa = PBXGroup;
			children = (
				8B7412B62B8F0BB2007DC4D3 /* Mood(Demo).app */,
			);
			name = Products;
			sourceTree = "<group>";
		};
		8B7412B82B8F0BB2007DC4D3 /* Mood(Demo) */ = {
			isa = PBXGroup;
			children = (
				8BEBCEA22B99EFA400CAC4CF /* Extensions */,
				8B37048D2B99B5CD00011A58 /* Network */,
				8B36841E2B95D82500CF84B4 /* Log-In */,
				8B3684232B95D84E00CF84B4 /* SignUp */,
				8B7412E02B8F26D0007DC4D3 /* Feed */,
				8B7412B92B8F0BB2007DC4D3 /* AppDelegate.swift */,
				8B7412BB2B8F0BB2007DC4D3 /* SceneDelegate.swift */,
				8B7412BF2B8F0BB2007DC4D3 /* Main.storyboard */,
				8B7412C22B8F0BB4007DC4D3 /* Assets.xcassets */,
				8B7412C42B8F0BB4007DC4D3 /* LaunchScreen.storyboard */,
				8B7412C72B8F0BB4007DC4D3 /* Info.plist */,
			);
			path = "Mood(Demo)";
			sourceTree = "<group>";
		};
		8B7412E02B8F26D0007DC4D3 /* Feed */ = {
			isa = PBXGroup;
			children = (
				8B7412DD2B8F1E14007DC4D3 /* FeedsVC.swift */,
				8B7412E12B8F26EB007DC4D3 /* Nibs For Feed  */,
			);
			path = Feed;
			sourceTree = "<group>";
		};
		8B7412E12B8F26EB007DC4D3 /* Nibs For Feed  */ = {
			isa = PBXGroup;
			children = (
				8B7412ED2B8F2A81007DC4D3 /* Discover-Feed.swift */,
				8B7412E72B8F29CA007DC4D3 /* Discover.xib */,
				8B7412F02B8F2A9A007DC4D3 /* Friends-Feed.swift */,
				8B7412EA2B8F29F1007DC4D3 /* Friends.xib */,
				BFA362362B9863C10058355F /* Popular-Feed.swift */,
				BFA362342B98639A0058355F /* Popular.xib */,
				BF3A2E472B987B8100FA8113 /* Following-Feed.swift */,
				BF3A2E452B987B5D00FA8113 /* Following.xib */,
				8BC3FBE82B8F4AA8009D524A /* Tabel View Cells */,
				8BC3FBEC2B8F4FA2009D524A /* Data Sources */,
			);
			path = "Nibs For Feed ";
			sourceTree = "<group>";
		};
		8BC3FBE82B8F4AA8009D524A /* Tabel View Cells */ = {
			isa = PBXGroup;
			children = (
				8BED23BE2B8F620800FBDF10 /* DiscoverCell.swift */,
				8BED23BF2B8F620800FBDF10 /* DiscoverCell.xib */,
				8BED23C42B8F6E6D00FBDF10 /* FriendsCell.swift */,
				8BED23C52B8F6E6D00FBDF10 /* FriendsCell.xib */,
				BFA362382B9870200058355F /* PopularCell.swift */,
				BFA362392B9870200058355F /* PopularCell.xib */,
				BF3A2E492B987CF200FA8113 /* FollowingCollectionCell.swift */,
				BF3A2E4A2B987CF200FA8113 /* FollowingCollectionCell.xib */,
			);
			path = "Tabel View Cells";
			sourceTree = "<group>";
		};
		8BC3FBEC2B8F4FA2009D524A /* Data Sources */ = {
			isa = PBXGroup;
			children = (
				8BC3FBED2B8F4FB8009D524A /* DataSource-Discover.swift */,
				8B3684192B9592B700CF84B4 /* DataSource-Friends.swift */,
			);
			path = "Data Sources";
			sourceTree = "<group>";
		};
		8BEBCEA22B99EFA400CAC4CF /* Extensions */ = {
			isa = PBXGroup;
			children = (
				8BEBCEA32B99EFC200CAC4CF /* DateConverter.swift */,
				8BEBCEA62B99EFD900CAC4CF /* Date+Ext.swift */,
			);
			path = Extensions;
			sourceTree = "<group>";
		};
/* End PBXGroup section */

/* Begin PBXNativeTarget section */
		8B7412B52B8F0BB2007DC4D3 /* Mood(Demo) */ = {
			isa = PBXNativeTarget;
			buildConfigurationList = 8B7412CA2B8F0BB4007DC4D3 /* Build configuration list for PBXNativeTarget "Mood(Demo)" */;
			buildPhases = (
				8B7412B22B8F0BB2007DC4D3 /* Sources */,
				8B7412B32B8F0BB2007DC4D3 /* Frameworks */,
				8B7412B42B8F0BB2007DC4D3 /* Resources */,
			);
			buildRules = (
			);
			dependencies = (
			);
			name = "Mood(Demo)";
			productName = "Mood(Demo)";
			productReference = 8B7412B62B8F0BB2007DC4D3 /* Mood(Demo).app */;
			productType = "com.apple.product-type.application";
		};
/* End PBXNativeTarget section */

/* Begin PBXProject section */
		8B7412AE2B8F0BB2007DC4D3 /* Project object */ = {
			isa = PBXProject;
			attributes = {
				LastSwiftUpdateCheck = 1200;
				LastUpgradeCheck = 1200;
				TargetAttributes = {
					8B7412B52B8F0BB2007DC4D3 = {
						CreatedOnToolsVersion = 12.0;
					};
				};
			};
			buildConfigurationList = 8B7412B12B8F0BB2007DC4D3 /* Build configuration list for PBXProject "Mood(Demo)" */;
			compatibilityVersion = "Xcode 9.3";
			developmentRegion = en;
			hasScannedForEncodings = 0;
			knownRegions = (
				en,
				Base,
			);
			mainGroup = 8B7412AD2B8F0BB2007DC4D3;
			productRefGroup = 8B7412B72B8F0BB2007DC4D3 /* Products */;
			projectDirPath = "";
			projectRoot = "";
			targets = (
				8B7412B52B8F0BB2007DC4D3 /* Mood(Demo) */,
			);
		};
/* End PBXProject section */

/* Begin PBXResourcesBuildPhase section */
		8B7412B42B8F0BB2007DC4D3 /* Resources */ = {
			isa = PBXResourcesBuildPhase;
			buildActionMask = 2147483647;
			files = (
				BFA3623B2B9870200058355F /* PopularCell.xib in Resources */,
				BF3A2E4C2B987CF200FA8113 /* FollowingCollectionCell.xib in Resources */,
				8BED23C12B8F620800FBDF10 /* DiscoverCell.xib in Resources */,
				8BED23C72B8F6E6D00FBDF10 /* FriendsCell.xib in Resources */,
				BF3A2E462B987B5D00FA8113 /* Following.xib in Resources */,
				8B7412EB2B8F29F1007DC4D3 /* Friends.xib in Resources */,
				8B7412E82B8F29CA007DC4D3 /* Discover.xib in Resources */,
				8B7412C62B8F0BB4007DC4D3 /* LaunchScreen.storyboard in Resources */,
				8B7412C32B8F0BB4007DC4D3 /* Assets.xcassets in Resources */,
				8B7412C12B8F0BB2007DC4D3 /* Main.storyboard in Resources */,
				BFA362352B98639A0058355F /* Popular.xib in Resources */,
			);
			runOnlyForDeploymentPostprocessing = 0;
		};
/* End PBXResourcesBuildPhase section */

/* Begin PBXSourcesBuildPhase section */
		8B7412B22B8F0BB2007DC4D3 /* Sources */ = {
			isa = PBXSourcesBuildPhase;
			buildActionMask = 2147483647;
			files = (
				8B7412DE2B8F1E14007DC4D3 /* FeedsVC.swift in Sources */,
				8B7412BA2B8F0BB2007DC4D3 /* AppDelegate.swift in Sources */,
				8BC3FBEE2B8F4FB8009D524A /* DataSource-Discover.swift in Sources */,
				8B3684252B95D87C00CF84B4 /* SignUpVC.swift in Sources */,
				8BEBCE962B99DA8100CAC4CF /* FriendsFeed.swift in Sources */,
				8BEBCE9C2B99DAD500CAC4CF /* BaseUrl.swift in Sources */,
				BFA362372B9863C10058355F /* Popular-Feed.swift in Sources */,
				BF3A2E4B2B987CF200FA8113 /* FollowingCollectionCell.swift in Sources */,
				BF676BDC2B9EDF1B0064CEA8 /* DiscoverFeed.swift in Sources */,
				8B7412F12B8F2A9A007DC4D3 /* Friends-Feed.swift in Sources */,
				8BED23C02B8F620800FBDF10 /* DiscoverCell.swift in Sources */,
				BF3A2E482B987B8100FA8113 /* Following-Feed.swift in Sources */,
				8BEBCEA42B99EFC200CAC4CF /* DateConverter.swift in Sources */,
				8BEBCEA72B99EFD900CAC4CF /* Date+Ext.swift in Sources */,
				8B3684202B95D84800CF84B4 /* LogIn.swift in Sources */,
				8B3684282B95D89000CF84B4 /* SignUp2VC.swift in Sources */,
				8B7412EE2B8F2A81007DC4D3 /* Discover-Feed.swift in Sources */,
				8B7412BC2B8F0BB2007DC4D3 /* SceneDelegate.swift in Sources */,
				8B36841A2B9592B700CF84B4 /* DataSource-Friends.swift in Sources */,
				8BED23C62B8F6E6D00FBDF10 /* FriendsCell.swift in Sources */,
				BFA3623A2B9870200058355F /* PopularCell.swift in Sources */,
				8BEBCE992B99DAB500CAC4CF /* Network-Management.swift in Sources */,
			);
			runOnlyForDeploymentPostprocessing = 0;
		};
/* End PBXSourcesBuildPhase section */

/* Begin PBXVariantGroup section */
		8B7412BF2B8F0BB2007DC4D3 /* Main.storyboard */ = {
			isa = PBXVariantGroup;
			children = (
				8B7412C02B8F0BB2007DC4D3 /* Base */,
			);
			name = Main.storyboard;
			sourceTree = "<group>";
		};
		8B7412C42B8F0BB4007DC4D3 /* LaunchScreen.storyboard */ = {
			isa = PBXVariantGroup;
			children = (
				8B7412C52B8F0BB4007DC4D3 /* Base */,
			);
			name = LaunchScreen.storyboard;
			sourceTree = "<group>";
		};
/* End PBXVariantGroup section */

/* Begin XCBuildConfiguration section */
		8B7412C82B8F0BB4007DC4D3 /* Debug */ = {
			isa = XCBuildConfiguration;
			buildSettings = {
				ALWAYS_SEARCH_USER_PATHS = NO;
				CLANG_ANALYZER_NONNULL = YES;
				CLANG_ANALYZER_NUMBER_OBJECT_CONVERSION = YES_AGGRESSIVE;
				CLANG_CXX_LANGUAGE_STANDARD = "gnu++14";
				CLANG_CXX_LIBRARY = "libc++";
				CLANG_ENABLE_MODULES = YES;
				CLANG_ENABLE_OBJC_ARC = YES;
				CLANG_ENABLE_OBJC_WEAK = YES;
				CLANG_WARN_BLOCK_CAPTURE_AUTORELEASING = YES;
				CLANG_WARN_BOOL_CONVERSION = YES;
				CLANG_WARN_COMMA = YES;
				CLANG_WARN_CONSTANT_CONVERSION = YES;
				CLANG_WARN_DEPRECATED_OBJC_IMPLEMENTATIONS = YES;
				CLANG_WARN_DIRECT_OBJC_ISA_USAGE = YES_ERROR;
				CLANG_WARN_DOCUMENTATION_COMMENTS = YES;
				CLANG_WARN_EMPTY_BODY = YES;
				CLANG_WARN_ENUM_CONVERSION = YES;
				CLANG_WARN_INFINITE_RECURSION = YES;
				CLANG_WARN_INT_CONVERSION = YES;
				CLANG_WARN_NON_LITERAL_NULL_CONVERSION = YES;
				CLANG_WARN_OBJC_IMPLICIT_RETAIN_SELF = YES;
				CLANG_WARN_OBJC_LITERAL_CONVERSION = YES;
				CLANG_WARN_OBJC_ROOT_CLASS = YES_ERROR;
				CLANG_WARN_QUOTED_INCLUDE_IN_FRAMEWORK_HEADER = YES;
				CLANG_WARN_RANGE_LOOP_ANALYSIS = YES;
				CLANG_WARN_STRICT_PROTOTYPES = YES;
				CLANG_WARN_SUSPICIOUS_MOVE = YES;
				CLANG_WARN_UNGUARDED_AVAILABILITY = YES_AGGRESSIVE;
				CLANG_WARN_UNREACHABLE_CODE = YES;
				CLANG_WARN__DUPLICATE_METHOD_MATCH = YES;
				COPY_PHASE_STRIP = NO;
				DEBUG_INFORMATION_FORMAT = dwarf;
				ENABLE_STRICT_OBJC_MSGSEND = YES;
				ENABLE_TESTABILITY = YES;
				GCC_C_LANGUAGE_STANDARD = gnu11;
				GCC_DYNAMIC_NO_PIC = NO;
				GCC_NO_COMMON_BLOCKS = YES;
				GCC_OPTIMIZATION_LEVEL = 0;
				GCC_PREPROCESSOR_DEFINITIONS = (
					"DEBUG=1",
					"$(inherited)",
				);
				GCC_WARN_64_TO_32_BIT_CONVERSION = YES;
				GCC_WARN_ABOUT_RETURN_TYPE = YES_ERROR;
				GCC_WARN_UNDECLARED_SELECTOR = YES;
				GCC_WARN_UNINITIALIZED_AUTOS = YES_AGGRESSIVE;
				GCC_WARN_UNUSED_FUNCTION = YES;
				GCC_WARN_UNUSED_VARIABLE = YES;
				IPHONEOS_DEPLOYMENT_TARGET = 14.0;
				MTL_ENABLE_DEBUG_INFO = INCLUDE_SOURCE;
				MTL_FAST_MATH = YES;
				ONLY_ACTIVE_ARCH = YES;
				SDKROOT = iphoneos;
				SWIFT_ACTIVE_COMPILATION_CONDITIONS = DEBUG;
				SWIFT_OPTIMIZATION_LEVEL = "-Onone";
			};
			name = Debug;
		};
		8B7412C92B8F0BB4007DC4D3 /* Release */ = {
			isa = XCBuildConfiguration;
			buildSettings = {
				ALWAYS_SEARCH_USER_PATHS = NO;
				CLANG_ANALYZER_NONNULL = YES;
				CLANG_ANALYZER_NUMBER_OBJECT_CONVERSION = YES_AGGRESSIVE;
				CLANG_CXX_LANGUAGE_STANDARD = "gnu++14";
				CLANG_CXX_LIBRARY = "libc++";
				CLANG_ENABLE_MODULES = YES;
				CLANG_ENABLE_OBJC_ARC = YES;
				CLANG_ENABLE_OBJC_WEAK = YES;
				CLANG_WARN_BLOCK_CAPTURE_AUTORELEASING = YES;
				CLANG_WARN_BOOL_CONVERSION = YES;
				CLANG_WARN_COMMA = YES;
				CLANG_WARN_CONSTANT_CONVERSION = YES;
				CLANG_WARN_DEPRECATED_OBJC_IMPLEMENTATIONS = YES;
				CLANG_WARN_DIRECT_OBJC_ISA_USAGE = YES_ERROR;
				CLANG_WARN_DOCUMENTATION_COMMENTS = YES;
				CLANG_WARN_EMPTY_BODY = YES;
				CLANG_WARN_ENUM_CONVERSION = YES;
				CLANG_WARN_INFINITE_RECURSION = YES;
				CLANG_WARN_INT_CONVERSION = YES;
				CLANG_WARN_NON_LITERAL_NULL_CONVERSION = YES;
				CLANG_WARN_OBJC_IMPLICIT_RETAIN_SELF = YES;
				CLANG_WARN_OBJC_LITERAL_CONVERSION = YES;
				CLANG_WARN_OBJC_ROOT_CLASS = YES_ERROR;
				CLANG_WARN_QUOTED_INCLUDE_IN_FRAMEWORK_HEADER = YES;
				CLANG_WARN_RANGE_LOOP_ANALYSIS = YES;
				CLANG_WARN_STRICT_PROTOTYPES = YES;
				CLANG_WARN_SUSPICIOUS_MOVE = YES;
				CLANG_WARN_UNGUARDED_AVAILABILITY = YES_AGGRESSIVE;
				CLANG_WARN_UNREACHABLE_CODE = YES;
				CLANG_WARN__DUPLICATE_METHOD_MATCH = YES;
				COPY_PHASE_STRIP = NO;
				DEBUG_INFORMATION_FORMAT = "dwarf-with-dsym";
				ENABLE_NS_ASSERTIONS = NO;
				ENABLE_STRICT_OBJC_MSGSEND = YES;
				GCC_C_LANGUAGE_STANDARD = gnu11;
				GCC_NO_COMMON_BLOCKS = YES;
				GCC_WARN_64_TO_32_BIT_CONVERSION = YES;
				GCC_WARN_ABOUT_RETURN_TYPE = YES_ERROR;
				GCC_WARN_UNDECLARED_SELECTOR = YES;
				GCC_WARN_UNINITIALIZED_AUTOS = YES_AGGRESSIVE;
				GCC_WARN_UNUSED_FUNCTION = YES;
				GCC_WARN_UNUSED_VARIABLE = YES;
				IPHONEOS_DEPLOYMENT_TARGET = 14.0;
				MTL_ENABLE_DEBUG_INFO = NO;
				MTL_FAST_MATH = YES;
				SDKROOT = iphoneos;
				SWIFT_COMPILATION_MODE = wholemodule;
				SWIFT_OPTIMIZATION_LEVEL = "-O";
				VALIDATE_PRODUCT = YES;
			};
			name = Release;
		};
		8B7412CB2B8F0BB4007DC4D3 /* Debug */ = {
			isa = XCBuildConfiguration;
			buildSettings = {
				ASSETCATALOG_COMPILER_APPICON_NAME = AppIcon;
				ASSETCATALOG_COMPILER_GLOBAL_ACCENT_COLOR_NAME = AccentColor;
				CODE_SIGN_STYLE = Automatic;
				DEVELOPMENT_TEAM = L5L5747JP7;
				INFOPLIST_FILE = "Mood(Demo)/Info.plist";
				LD_RUNPATH_SEARCH_PATHS = (
					"$(inherited)",
					"@executable_path/Frameworks",
				);
				PRODUCT_BUNDLE_IDENTIFIER = "com.Maroof.Mood-Demo-";
				PRODUCT_NAME = "$(TARGET_NAME)";
				SWIFT_VERSION = 5.0;
				TARGETED_DEVICE_FAMILY = "1,2";
			};
			name = Debug;
		};
		8B7412CC2B8F0BB4007DC4D3 /* Release */ = {
			isa = XCBuildConfiguration;
			buildSettings = {
				ASSETCATALOG_COMPILER_APPICON_NAME = AppIcon;
				ASSETCATALOG_COMPILER_GLOBAL_ACCENT_COLOR_NAME = AccentColor;
				CODE_SIGN_STYLE = Automatic;
				DEVELOPMENT_TEAM = L5L5747JP7;
				INFOPLIST_FILE = "Mood(Demo)/Info.plist";
				LD_RUNPATH_SEARCH_PATHS = (
					"$(inherited)",
					"@executable_path/Frameworks",
				);
				PRODUCT_BUNDLE_IDENTIFIER = "com.Maroof.Mood-Demo-";
				PRODUCT_NAME = "$(TARGET_NAME)";
				SWIFT_VERSION = 5.0;
				TARGETED_DEVICE_FAMILY = "1,2";
			};
			name = Release;
		};
/* End XCBuildConfiguration section */

/* Begin XCConfigurationList section */
		8B7412B12B8F0BB2007DC4D3 /* Build configuration list for PBXProject "Mood(Demo)" */ = {
			isa = XCConfigurationList;
			buildConfigurations = (
				8B7412C82B8F0BB4007DC4D3 /* Debug */,
				8B7412C92B8F0BB4007DC4D3 /* Release */,
			);
			defaultConfigurationIsVisible = 0;
			defaultConfigurationName = Release;
		};
		8B7412CA2B8F0BB4007DC4D3 /* Build configuration list for PBXNativeTarget "Mood(Demo)" */ = {
			isa = XCConfigurationList;
			buildConfigurations = (
				8B7412CB2B8F0BB4007DC4D3 /* Debug */,
				8B7412CC2B8F0BB4007DC4D3 /* Release */,
			);
			defaultConfigurationIsVisible = 0;
			defaultConfigurationName = Release;
		};
/* End XCConfigurationList section */
	};
	rootObject = 8B7412AE2B8F0BB2007DC4D3 /* Project object */;
}
